# This file was autogenerated by Stack.
# You should not edit this file by hand.
# For more information, please see the documentation at:
#   https://docs.haskellstack.org/en/stable/lock_files

packages:
- completed:
    commit: 4bfeb46746212c6b54983844a3acd37853430065
    git: https://github.com/juspay/beam.git
    name: beam-core
    pantry-tree:
      sha256: 9af78be2272ea1281304231754912e8c57ec73a7d97e06732ba0266eff983ba0
      size: 2623
    subdir: beam-core
    version: 0.9.0.0
  original:
    commit: 4bfeb46746212c6b54983844a3acd37853430065
    git: https://github.com/juspay/beam.git
    subdir: beam-core
- completed:
    commit: 4bfeb46746212c6b54983844a3acd37853430065
    git: https://github.com/juspay/beam.git
    name: beam-migrate-cli
    pantry-tree:
      sha256: 12606955fbfd7131bd24d36285ca6e05f1aa40dbe32d00ad24f68cfcf8f26ddc
      size: 1102
    subdir: beam-migrate-cli
    version: 0.2.0.0
  original:
    commit: 4bfeb46746212c6b54983844a3acd37853430065
    git: https://github.com/juspay/beam.git
    subdir: beam-migrate-cli
- completed:
    commit: 4bfeb46746212c6b54983844a3acd37853430065
    git: https://github.com/juspay/beam.git
    name: beam-migrate
    pantry-tree:
      sha256: e4c13e0a71c54d2f59a96fa8439c7b1ee60e0af6e9871846e3cfc2ee0f59b3e4
      size: 1825
    subdir: beam-migrate
    version: 0.5.0.0
  original:
    commit: 4bfeb46746212c6b54983844a3acd37853430065
    git: https://github.com/juspay/beam.git
    subdir: beam-migrate
- completed:
    commit: 4bfeb46746212c6b54983844a3acd37853430065
    git: https://github.com/juspay/beam.git
    name: beam-postgres
    pantry-tree:
      sha256: da81c291d92a256ea03c0c2b12f7b11469202eaa053021f84497879dbcdfc81d
      size: 2594
    subdir: beam-postgres
    version: 0.5.0.0
  original:
    commit: 4bfeb46746212c6b54983844a3acd37853430065
    git: https://github.com/juspay/beam.git
    subdir: beam-postgres
- completed:
    commit: 4bfeb46746212c6b54983844a3acd37853430065
    git: https://github.com/juspay/beam.git
    name: beam-sqlite
    pantry-tree:
      sha256: f6bbc55209bfe02972f59d7a9fa059b69b0d3626cc14fbdd0368412c9e6e27d1
      size: 859
    subdir: beam-sqlite
    version: 0.5.0.0
  original:
    commit: 4bfeb46746212c6b54983844a3acd37853430065
    git: https://github.com/juspay/beam.git
    subdir: beam-sqlite
- completed:
    commit: 125fbbb4863e628fb4ba2b6a12aec7eec00b3ae7
    git: https://github.com/juspay/beam-mysql.git
    name: beam-mysql
    pantry-tree:
      sha256: 775ebfe5c3aac4587fb73c00fbd87d703a88473d65fea91cb65499baa62a4463
      size: 4325
    version: 1.3.0.4
  original:
    commit: 125fbbb4863e628fb4ba2b6a12aec7eec00b3ae7
    git: https://github.com/juspay/beam-mysql.git
- completed:
    commit: 788022d65538db422b02ecc0be138b862d2e5cee
    git: https://github.com/juspay/mysql-haskell.git
    name: mysql-haskell
    pantry-tree:
      sha256: 2306f63a061d6cf45264a4d08f7da14ab3c719d20c528480b41c54db31ceace8
      size: 3863
    version: 0.8.4.2
  original:
    commit: 788022d65538db422b02ecc0be138b862d2e5cee
    git: https://github.com/juspay/mysql-haskell.git
- completed:
    hackage: mason-0.2.3@sha256:186ff6306c7d44dbf7b108b87f73a30d45c70cd5c87d6f2a88d300def5542fef,1226
    pantry-tree:
      sha256: 4147c0fd201f849d018f9408e82b75b0313294bb9fff290673dd30729eedf948
      size: 574
  original:
    hackage: mason-0.2.3
- completed:
    hackage: tcp-streams-1.0.1.1@sha256:35e9ecfa515797052f8c3c01834d2daebd5e93f3152c7fc98b32652bf6f0c052,2329
    pantry-tree:
      sha256: 572071fca40a0b6c4cc950d10277a6f12e83cf4846882b6ef83fcccaa2c18c45
      size: 1004
  original:
    hackage: tcp-streams-1.0.1.1
- completed:
    hackage: wire-streams-0.1.1.0@sha256:08816c7fa53b20f52e5c465252c106d9de8e6d9580ec0b6d9f000a34c7bcefc8,2130
    pantry-tree:
      sha256: c99a12bfcbeacc5da8f166fbed1eb105a45f08be1a3a071fe9f903b386b14e1d
      size: 506
  original:
    hackage: wire-streams-0.1.1.0
snapshots:
- completed:
    sha256: 637fb77049b25560622a224845b7acfe81a09fdb6a96a3c75997a10b651667f6
    size: 534126
    url: https://raw.githubusercontent.com/commercialhaskell/stackage-snapshots/master/lts/16/31.yaml
  original: lts-16.31
